
Microsoft Visual Studio Solution File, Format Version 12.00
# Visual Studio Version 16
VisualStudioVersion = 16.0.35931.194
MinimumVisualStudioVersion = 10.0.40219.1
Project("{FAE04EC0-301F-11D3-BF4B-00C04F79EFBC}") = "EncuestasMVC", "EncuestasMVC.csproj", "{E73B3C1E-8657-4015-B368-EBFC83B08AFE}"
EndProject
Global
	GlobalSection(SolutionConfigurationPlatforms) = preSolution
		Debug|Any CPU = Debug|Any CPU
		Release|Any CPU = Release|Any CPU
	EndGlobalSection
	GlobalSection(ProjectConfigurationPlatforms) = postSolution
		{E73B3C1E-8657-4015-B368-EBFC83B08AFE}.Debug|Any CPU.ActiveCfg = Debug|Any CPU
		{E73B3C1E-8657-4015-B368-EBFC83B08AFE}.Debug|Any CPU.Build.0 = Debug|Any CPU
		{E73B3C1E-8657-4015-B368-EBFC83B08AFE}.Release|Any CPU.ActiveCfg = Release|Any CPU
		{E73B3C1E-8657-4015-B368-EBFC83B08AFE}.Release|Any CPU.Build.0 = Release|Any CPU
	EndGlobalSection
	GlobalSection(SolutionProperties) = preSolution
		HideSolutionNode = FALSE
	EndGlobalSection
	GlobalSection(ExtensibilityGlobals) = postSolution
		SolutionGuid = {2AA567D6-D149-4A9C-9E04-1F2DEAA89363}
	EndGlobalSection
EndGlobal
